# This file is automatically @generated by Cargo.
# It is not intended for manual editing.
version = 4

[[package]]
name = "crpg-ai"
version = "0.1.0"

[[package]]
name = "crpg-cli"
version = "0.1.0"

[[package]]
name = "crpg-contracts"
version = "0.1.0"

[[package]]
name = "crpg-core"
version = "0.1.0"

[[package]]
name = "crpg-data"
version = "0.1.0"

[[package]]
name = "crpg-edit"
version = "0.1.0"

[[package]]
name = "crpg-godot"
version = "0.1.0"

[[package]]
name = "crpg-nav"
version = "0.1.0"

[[package]]
name = "crpg-net"
version = "0.1.0"

[[package]]
name = "crpg-persist"
version = "0.1.0"

[[package]]
name = "crpg-rules"
version = "0.1.0"

[[package]]
name = "crpg-script"
version = "0.1.0"

[[package]]
name = "crpg-server"
version = "0.1.0"

[[package]]
name = "crpg-sim"
version = "0.1.0"

[[package]]
name = "crpg-testkit"
version = "0.1.0"
